{
  "name": "my_ai_assistant",
  "lockfileVersion": 3,
  "requires": true,
  "packages": {
    "": {
      "dependencies": {
        "marked": "^18.0.1"
      }
    },
    "node_modules/marked": {
      "version": "18.0.1",
      "resolved": "https://registry.npmjs.org/marked/-/marked-18.0.1.tgz",
      "integrity": "sha512-IILJE4Aap/KIGu4ZRCzQcYMxkhumblXnbqfQe+HAD4f982wrRAsJEGKGM653yAioS6g3Yq3yOhjrUebcrtOgRA==",
      "license": "MIT",
      "bin": {
        "marked": "bin/marked.js"
      },
      "engines": {
        "node": ">= 20"
      }
    }
  }
}
